
Microsoft Visual Studio Solution File, Format Version 12.00
# Visual Studio Version 17
VisualStudioVersion = 17.9.34728.123
MinimumVisualStudioVersion = 10.0.40219.1
Project("{FAE04EC0-301F-11D3-BF4B-00C04F79EFBC}") = "курсач", "курсач\курсач.csproj", "{38E2621C-FE0A-469A-801A-4E00DD6CE616}"
EndProject
Global
	GlobalSection(SolutionConfigurationPlatforms) = preSolution
		Debug|Any CPU = Debug|Any CPU
		Release|Any CPU = Release|Any CPU
	EndGlobalSection
	GlobalSection(ProjectConfigurationPlatforms) = postSolution
		{38E2621C-FE0A-469A-801A-4E00DD6CE616}.Debug|Any CPU.ActiveCfg = Debug|Any CPU
		{38E2621C-FE0A-469A-801A-4E00DD6CE616}.Debug|Any CPU.Build.0 = Debug|Any CPU
		{38E2621C-FE0A-469A-801A-4E00DD6CE616}.Release|Any CPU.ActiveCfg = Release|Any CPU
		{38E2621C-FE0A-469A-801A-4E00DD6CE616}.Release|Any CPU.Build.0 = Release|Any CPU
	EndGlobalSection
	GlobalSection(SolutionProperties) = preSolution
		HideSolutionNode = FALSE
	EndGlobalSection
	GlobalSection(ExtensibilityGlobals) = postSolution
		SolutionGuid = {29DF9623-9924-4E34-95A6-C86411DCE797}
	EndGlobalSection
EndGlobal
